
Microsoft Visual Studio Solution File, Format Version 12.00
# Visual Studio Version 17
VisualStudioVersion = 17.10.34814.14
MinimumVisualStudioVersion = 10.0.40219.1
Project("{9A19103F-16F7-4668-BE54-9A1E7A4F7556}") = "AICalculator", "AICalculator.csproj", "{3B3B32FB-35FC-452D-B060-B65E0CA78BAA}"
EndProject
Global
	GlobalSection(SolutionConfigurationPlatforms) = preSolution
		Debug|Any CPU = Debug|Any CPU
		Release|Any CPU = Release|Any CPU
	EndGlobalSection
	GlobalSection(ProjectConfigurationPlatforms) = postSolution
		{3B3B32FB-35FC-452D-B060-B65E0CA78BAA}.Debug|Any CPU.ActiveCfg = Debug|Any CPU
		{3B3B32FB-35FC-452D-B060-B65E0CA78BAA}.Debug|Any CPU.Build.0 = Debug|Any CPU
		{3B3B32FB-35FC-452D-B060-B65E0CA78BAA}.Debug|Any CPU.Deploy.0 = Debug|Any CPU
		{3B3B32FB-35FC-452D-B060-B65E0CA78BAA}.Release|Any CPU.ActiveCfg = Release|Any CPU
		{3B3B32FB-35FC-452D-B060-B65E0CA78BAA}.Release|Any CPU.Build.0 = Release|Any CPU
		{3B3B32FB-35FC-452D-B060-B65E0CA78BAA}.Release|Any CPU.Deploy.0 = Release|Any CPU
	EndGlobalSection
	GlobalSection(SolutionProperties) = preSolution
		HideSolutionNode = FALSE
	EndGlobalSection
	GlobalSection(ExtensibilityGlobals) = postSolution
		SolutionGuid = {09FBDDE5-007E-4D8C-AAB1-924BBB10859A}
	EndGlobalSection
EndGlobal
